
Microsoft Visual Studio Solution File, Format Version 12.00
# Visual Studio 15
VisualStudioVersion = 15.0.26730.12
MinimumVisualStudioVersion = 10.0.40219.1
Project("{2150E333-8FDC-42A3-9474-1A3956D46DE8}") = "src", "src", "{52C54080-F48B-4DBA-A418-8057611CAF6D}"
EndProject
Project("{2150E333-8FDC-42A3-9474-1A3956D46DE8}") = "test", "test", "{A1704016-03C8-4917-9C50-AE9DDF55ECB7}"
EndProject
Project("{2150E333-8FDC-42A3-9474-1A3956D46DE8}") = "Solution Items", "Solution Items", "{A5D3D4D6-7DAB-4ACD-97EB-5435C9AE74A9}"
	ProjectSection(SolutionItems) = preProject
		NuGet.config = NuGet.config
		README.md = README.md
	EndProjectSection
EndProject
Project("{9A19103F-16F7-4668-BE54-9A1E7A4F7556}") = "ServerTestApp", "test\ServerTestApp\ServerTestApp.csproj", "{B8DE19DA-F0D1-48BA-B808-631A27D74C2B}"
EndProject
Project("{9A19103F-16F7-4668-BE54-9A1E7A4F7556}") = "WebClientTestApp", "test\WebClientTestApp\WebClientTestApp.csproj", "{079F8A19-BC40-46AC-A31F-B133F7D7F1B8}"
EndProject
Project("{9A19103F-16F7-4668-BE54-9A1E7A4F7556}") = "NetCoreStack.WebSockets", "src\NetCoreStack.WebSockets\NetCoreStack.WebSockets.csproj", "{C6BD4266-256A-4FF6-B991-D44EFC825FC6}"
EndProject
Project("{9A19103F-16F7-4668-BE54-9A1E7A4F7556}") = "WebClientTestApp2", "test\WebClientTestApp2\WebClientTestApp2.csproj", "{7B3B956E-DF5A-4AD8-BCB9-14235D53471C}"
EndProject
Project("{9A19103F-16F7-4668-BE54-9A1E7A4F7556}") = "Common.Libs", "test\Common.Libs\Common.Libs.csproj", "{7ACFEED0-C1D7-43DE-95D7-3D2CEFDF6F9F}"
EndProject
Project("{9A19103F-16F7-4668-BE54-9A1E7A4F7556}") = "ConsoleAppProxyClient", "test\ConsoleAppProxyClient\ConsoleAppProxyClient.csproj", "{1AAECD28-5C1D-4ED6-8CBC-6FCAA3804ABF}"
EndProject
Project("{9A19103F-16F7-4668-BE54-9A1E7A4F7556}") = "NetCoreStack.WebSockets.ProxyClient", "src\NetCoreStack.WebSockets.ProxyClient\NetCoreStack.WebSockets.ProxyClient.csproj", "{1738B969-D294-4417-999C-A3AC3B04EFE4}"
EndProject
Global
	GlobalSection(SolutionConfigurationPlatforms) = preSolution
		Debug|Any CPU = Debug|Any CPU
		Release|Any CPU = Release|Any CPU
	EndGlobalSection
	GlobalSection(ProjectConfigurationPlatforms) = postSolution
		{B8DE19DA-F0D1-48BA-B808-631A27D74C2B}.Debug|Any CPU.ActiveCfg = Debug|Any CPU
		{B8DE19DA-F0D1-48BA-B808-631A27D74C2B}.Debug|Any CPU.Build.0 = Debug|Any CPU
		{B8DE19DA-F0D1-48BA-B808-631A27D74C2B}.Release|Any CPU.ActiveCfg = Release|Any CPU
		{B8DE19DA-F0D1-48BA-B808-631A27D74C2B}.Release|Any CPU.Build.0 = Release|Any CPU
		{079F8A19-BC40-46AC-A31F-B133F7D7F1B8}.Debug|Any CPU.ActiveCfg = Debug|Any CPU
		{079F8A19-BC40-46AC-A31F-B133F7D7F1B8}.Debug|Any CPU.Build.0 = Debug|Any CPU
		{079F8A19-BC40-46AC-A31F-B133F7D7F1B8}.Release|Any CPU.ActiveCfg = Release|Any CPU
		{079F8A19-BC40-46AC-A31F-B133F7D7F1B8}.Release|Any CPU.Build.0 = Release|Any CPU
		{C6BD4266-256A-4FF6-B991-D44EFC825FC6}.Debug|Any CPU.ActiveCfg = Debug|Any CPU
		{C6BD4266-256A-4FF6-B991-D44EFC825FC6}.Debug|Any CPU.Build.0 = Debug|Any CPU
		{C6BD4266-256A-4FF6-B991-D44EFC825FC6}.Release|Any CPU.ActiveCfg = Release|Any CPU
		{C6BD4266-256A-4FF6-B991-D44EFC825FC6}.Release|Any CPU.Build.0 = Release|Any CPU
		{7B3B956E-DF5A-4AD8-BCB9-14235D53471C}.Debug|Any CPU.ActiveCfg = Debug|Any CPU
		{7B3B956E-DF5A-4AD8-BCB9-14235D53471C}.Debug|Any CPU.Build.0 = Debug|Any CPU
		{7B3B956E-DF5A-4AD8-BCB9-14235D53471C}.Release|Any CPU.ActiveCfg = Release|Any CPU
		{7B3B956E-DF5A-4AD8-BCB9-14235D53471C}.Release|Any CPU.Build.0 = Release|Any CPU
		{7ACFEED0-C1D7-43DE-95D7-3D2CEFDF6F9F}.Debug|Any CPU.ActiveCfg = Debug|Any CPU
		{7ACFEED0-C1D7-43DE-95D7-3D2CEFDF6F9F}.Debug|Any CPU.Build.0 = Debug|Any CPU
		{7ACFEED0-C1D7-43DE-95D7-3D2CEFDF6F9F}.Release|Any CPU.ActiveCfg = Release|Any CPU
		{7ACFEED0-C1D7-43DE-95D7-3D2CEFDF6F9F}.Release|Any CPU.Build.0 = Release|Any CPU
		{1AAECD28-5C1D-4ED6-8CBC-6FCAA3804ABF}.Debug|Any CPU.ActiveCfg = Debug|Any CPU
		{1AAECD28-5C1D-4ED6-8CBC-6FCAA3804ABF}.Debug|Any CPU.Build.0 = Debug|Any CPU
		{1AAECD28-5C1D-4ED6-8CBC-6FCAA3804ABF}.Release|Any CPU.ActiveCfg = Release|Any CPU
		{1AAECD28-5C1D-4ED6-8CBC-6FCAA3804ABF}.Release|Any CPU.Build.0 = Release|Any CPU
		{1738B969-D294-4417-999C-A3AC3B04EFE4}.Debug|Any CPU.ActiveCfg = Debug|Any CPU
		{1738B969-D294-4417-999C-A3AC3B04EFE4}.Debug|Any CPU.Build.0 = Debug|Any CPU
		{1738B969-D294-4417-999C-A3AC3B04EFE4}.Release|Any CPU.ActiveCfg = Release|Any CPU
		{1738B969-D294-4417-999C-A3AC3B04EFE4}.Release|Any CPU.Build.0 = Release|Any CPU
	EndGlobalSection
	GlobalSection(SolutionProperties) = preSolution
		HideSolutionNode = FALSE
	EndGlobalSection
	GlobalSection(NestedProjects) = preSolution
		{B8DE19DA-F0D1-48BA-B808-631A27D74C2B} = {A1704016-03C8-4917-9C50-AE9DDF55ECB7}
		{079F8A19-BC40-46AC-A31F-B133F7D7F1B8} = {A1704016-03C8-4917-9C50-AE9DDF55ECB7}
		{C6BD4266-256A-4FF6-B991-D44EFC825FC6} = {52C54080-F48B-4DBA-A418-8057611CAF6D}
		{7B3B956E-DF5A-4AD8-BCB9-14235D53471C} = {A1704016-03C8-4917-9C50-AE9DDF55ECB7}
		{7ACFEED0-C1D7-43DE-95D7-3D2CEFDF6F9F} = {A1704016-03C8-4917-9C50-AE9DDF55ECB7}
		{1AAECD28-5C1D-4ED6-8CBC-6FCAA3804ABF} = {A1704016-03C8-4917-9C50-AE9DDF55ECB7}
		{1738B969-D294-4417-999C-A3AC3B04EFE4} = {52C54080-F48B-4DBA-A418-8057611CAF6D}
	EndGlobalSection
	GlobalSection(ExtensibilityGlobals) = postSolution
		SolutionGuid = {F299AD98-9AB4-4C7B-B125-5E82EB9B8700}
	EndGlobalSection
EndGlobal
